
Microsoft Visual Studio Solution File, Format Version 12.00
# Visual Studio Version 16
VisualStudioVersion = 16.0.30804.86
MinimumVisualStudioVersion = 10.0.40219.1
Project("{FAE04EC0-301F-11D3-BF4B-00C04F79EFBC}") = "MobileApp", "MobileApp.csproj", "{67459C29-A6D2-40E9-9158-5332B5D8A890}"
EndProject
Global
	GlobalSection(SolutionConfigurationPlatforms) = preSolution
		Debug|Any CPU = Debug|Any CPU
		Release|Any CPU = Release|Any CPU
	EndGlobalSection
	GlobalSection(ProjectConfigurationPlatforms) = postSolution
		{67459C29-A6D2-40E9-9158-5332B5D8A890}.Debug|Any CPU.ActiveCfg = Debug|Any CPU
		{67459C29-A6D2-40E9-9158-5332B5D8A890}.Debug|Any CPU.Build.0 = Debug|Any CPU
		{67459C29-A6D2-40E9-9158-5332B5D8A890}.Release|Any CPU.ActiveCfg = Release|Any CPU
		{67459C29-A6D2-40E9-9158-5332B5D8A890}.Release|Any CPU.Build.0 = Release|Any CPU
	EndGlobalSection
	GlobalSection(SolutionProperties) = preSolution
		HideSolutionNode = FALSE
	EndGlobalSection
	GlobalSection(ExtensibilityGlobals) = postSolution
		SolutionGuid = {453096E4-0446-4CD8-8EEB-A1F652EDC42B}
	EndGlobalSection
EndGlobal
